
Microsoft Visual Studio Solution File, Format Version 12.00
# Visual Studio Version 16
VisualStudioVersion = 16.0.34114.132
MinimumVisualStudioVersion = 10.0.40219.1
Project("{FAE04EC0-301F-11D3-BF4B-00C04F79EFBC}") = "Calculadora", "Calculadora\Calculadora.csproj", "{9C588920-FCDE-493E-9EE4-6F14F54E1D6C}"
EndProject
Global
	GlobalSection(SolutionConfigurationPlatforms) = preSolution
		Debug|Any CPU = Debug|Any CPU
		Release|Any CPU = Release|Any CPU
	EndGlobalSection
	GlobalSection(ProjectConfigurationPlatforms) = postSolution
		{9C588920-FCDE-493E-9EE4-6F14F54E1D6C}.Debug|Any CPU.ActiveCfg = Debug|Any CPU
		{9C588920-FCDE-493E-9EE4-6F14F54E1D6C}.Debug|Any CPU.Build.0 = Debug|Any CPU
		{9C588920-FCDE-493E-9EE4-6F14F54E1D6C}.Release|Any CPU.ActiveCfg = Release|Any CPU
		{9C588920-FCDE-493E-9EE4-6F14F54E1D6C}.Release|Any CPU.Build.0 = Release|Any CPU
	EndGlobalSection
	GlobalSection(SolutionProperties) = preSolution
		HideSolutionNode = FALSE
	EndGlobalSection
	GlobalSection(ExtensibilityGlobals) = postSolution
		SolutionGuid = {21070341-3A0E-4BE2-AC4C-9C4BE3FBE0D2}
	EndGlobalSection
EndGlobal
